# This file is automatically @generated by Poetry 1.5.1 and should not be changed by hand.

[[package]]
name = "auto-mix-prep"
version = "0.2.0"
description = "Application for automatically preparing stems for mixing."
optional = false
python-versions = "*"
files = [
    {file = "auto-mix-prep-0.2.0.tar.gz", hash = "sha256:5e7d9c6e3fd73c49bf22a216e04d7249d529d8822f5ee3d25f3dcf6c982a92d6"},
]

[package.dependencies]
pydub = "*"

[[package]]
name = "cipher"
version = "0.1"
description = "encryption message and decryption message"
optional = false
python-versions = "*"
files = [
    {file = "cipher-0.1.tar.gz", hash = "sha256:fc977c68919c53cc96e249d03a5e82980a127d42980ddcf397d134890bc6e49f"},
]

[[package]]
name = "pydub"
version = "0.25.1"
description = "Manipulate audio with an simple and easy high level interface"
optional = false
python-versions = "*"
files = [
    {file = "pydub-0.25.1-py2.py3-none-any.whl", hash = "sha256:65617e33033874b59d87db603aa1ed450633288aefead953b30bded59cb599a6"},
    {file = "pydub-0.25.1.tar.gz", hash = "sha256:980a33ce9949cab2a569606b65674d748ecbca4f0796887fd6f46173a7b0d30f"},
]

[metadata]
lock-version = "2.0"
python-versions = ">=3.10.0,<3.11"
content-hash = "148064668fd2b66f6685fadb890dcc1019f3d01178b77782606835b0d6b696d4"
